
Microsoft Visual Studio Solution File, Format Version 12.00
# Visual Studio 14
VisualStudioVersion = 14.0.24720.0
MinimumVisualStudioVersion = 10.0.40219.1
Project("{FAE04EC0-301F-11D3-BF4B-00C04F79EFBC}") = "[SuperGirl]Auction.ASP.NET", "[SuperGirl]Auction.ASP.NET\[SuperGirl]Auction.ASP.NET.csproj", "{49A713DD-58D2-4169-8785-CA7401853820}"
EndProject
Project("{2150E333-8FDC-42A3-9474-1A3956D46DE8}") = "DAL", "DAL", "{F8FBFCE3-CAB1-4BBB-9E5E-CEB51506FC14}"
EndProject
Project("{2150E333-8FDC-42A3-9474-1A3956D46DE8}") = "BLL", "BLL", "{4AF6A952-AC76-4F7E-98C0-9CFD7B6E3296}"
EndProject
Project("{2150E333-8FDC-42A3-9474-1A3956D46DE8}") = "Entites", "Entites", "{85E6CC8C-5058-45B3-94D3-1B5F75A48E2B}"
EndProject
Project("{2150E333-8FDC-42A3-9474-1A3956D46DE8}") = "Interfaces", "Interfaces", "{8F6D715E-741C-419A-98FE-98E4045ADB55}"
EndProject
Project("{2150E333-8FDC-42A3-9474-1A3956D46DE8}") = "PL", "PL", "{A1B7CBAF-059A-4FB0-AEC1-997D9EE9B6E9}"
EndProject
Project("{2150E333-8FDC-42A3-9474-1A3956D46DE8}") = "InterfacesBLL", "InterfacesBLL", "{D2E381F8-BFC1-4726-9D9A-4F87C985A825}"
EndProject
Project("{2150E333-8FDC-42A3-9474-1A3956D46DE8}") = "InterfacesDAL", "InterfacesDAL", "{49F103E6-60B4-49E1-B99F-478D49E3EC7B}"
EndProject
Project("{FAE04EC0-301F-11D3-BF4B-00C04F79EFBC}") = "[SuperGirl]Auction.Entites", "[SuperGirl]Auction.Entites\[SuperGirl]Auction.Entites.csproj", "{BE0DB786-176D-4DC2-80AC-52820198CB9B}"
EndProject
Project("{FAE04EC0-301F-11D3-BF4B-00C04F79EFBC}") = "[SuperGirl]Auction.DAL", "[SuperGirl]Auction.DAL\[SuperGirl]Auction.DAL.csproj", "{1D708424-54F1-4B67-8B34-F0AB4B6818CB}"
EndProject
Project("{FAE04EC0-301F-11D3-BF4B-00C04F79EFBC}") = "[SuperGirl]Auction.BLL", "[SuperGirl]Auction.BLL\[SuperGirl]Auction.BLL.csproj", "{706A4FDA-B106-4B8E-BB34-00DFF29A4C1C}"
EndProject
Project("{FAE04EC0-301F-11D3-BF4B-00C04F79EFBC}") = "[SuperGirl]Auction.InterfacesBLL", "[SuperGirl]Auction.InterfacesBLL\[SuperGirl]Auction.InterfacesBLL.csproj", "{7E4234CB-CA84-41BC-A950-56AB335713F4}"
EndProject
Project("{FAE04EC0-301F-11D3-BF4B-00C04F79EFBC}") = "[SuperGirl]Auction.InterfacesDAL", "[SuperGirl]Auction.InterfacesDAL\[SuperGirl]Auction.InterfacesDAL.csproj", "{D26814B9-B988-422B-806C-CE2BF3B6F595}"
EndProject
Project("{FAE04EC0-301F-11D3-BF4B-00C04F79EFBC}") = "Logger", "Logger\Logger.csproj", "{85266A5C-14A7-43A6-A8AE-FFD3CF1627B8}"
EndProject
Global
	GlobalSection(SolutionConfigurationPlatforms) = preSolution
		Debug|Any CPU = Debug|Any CPU
		Release|Any CPU = Release|Any CPU
	EndGlobalSection
	GlobalSection(ProjectConfigurationPlatforms) = postSolution
		{49A713DD-58D2-4169-8785-CA7401853820}.Debug|Any CPU.ActiveCfg = Debug|Any CPU
		{49A713DD-58D2-4169-8785-CA7401853820}.Debug|Any CPU.Build.0 = Debug|Any CPU
		{49A713DD-58D2-4169-8785-CA7401853820}.Release|Any CPU.ActiveCfg = Release|Any CPU
		{49A713DD-58D2-4169-8785-CA7401853820}.Release|Any CPU.Build.0 = Release|Any CPU
		{BE0DB786-176D-4DC2-80AC-52820198CB9B}.Debug|Any CPU.ActiveCfg = Debug|Any CPU
		{BE0DB786-176D-4DC2-80AC-52820198CB9B}.Debug|Any CPU.Build.0 = Debug|Any CPU
		{BE0DB786-176D-4DC2-80AC-52820198CB9B}.Release|Any CPU.ActiveCfg = Release|Any CPU
		{BE0DB786-176D-4DC2-80AC-52820198CB9B}.Release|Any CPU.Build.0 = Release|Any CPU
		{1D708424-54F1-4B67-8B34-F0AB4B6818CB}.Debug|Any CPU.ActiveCfg = Debug|Any CPU
		{1D708424-54F1-4B67-8B34-F0AB4B6818CB}.Debug|Any CPU.Build.0 = Debug|Any CPU
		{1D708424-54F1-4B67-8B34-F0AB4B6818CB}.Release|Any CPU.ActiveCfg = Release|Any CPU
		{1D708424-54F1-4B67-8B34-F0AB4B6818CB}.Release|Any CPU.Build.0 = Release|Any CPU
		{706A4FDA-B106-4B8E-BB34-00DFF29A4C1C}.Debug|Any CPU.ActiveCfg = Debug|Any CPU
		{706A4FDA-B106-4B8E-BB34-00DFF29A4C1C}.Debug|Any CPU.Build.0 = Debug|Any CPU
		{706A4FDA-B106-4B8E-BB34-00DFF29A4C1C}.Release|Any CPU.ActiveCfg = Release|Any CPU
		{706A4FDA-B106-4B8E-BB34-00DFF29A4C1C}.Release|Any CPU.Build.0 = Release|Any CPU
		{7E4234CB-CA84-41BC-A950-56AB335713F4}.Debug|Any CPU.ActiveCfg = Debug|Any CPU
		{7E4234CB-CA84-41BC-A950-56AB335713F4}.Debug|Any CPU.Build.0 = Debug|Any CPU
		{7E4234CB-CA84-41BC-A950-56AB335713F4}.Release|Any CPU.ActiveCfg = Release|Any CPU
		{7E4234CB-CA84-41BC-A950-56AB335713F4}.Release|Any CPU.Build.0 = Release|Any CPU
		{D26814B9-B988-422B-806C-CE2BF3B6F595}.Debug|Any CPU.ActiveCfg = Debug|Any CPU
		{D26814B9-B988-422B-806C-CE2BF3B6F595}.Debug|Any CPU.Build.0 = Debug|Any CPU
		{D26814B9-B988-422B-806C-CE2BF3B6F595}.Release|Any CPU.ActiveCfg = Release|Any CPU
		{D26814B9-B988-422B-806C-CE2BF3B6F595}.Release|Any CPU.Build.0 = Release|Any CPU
		{85266A5C-14A7-43A6-A8AE-FFD3CF1627B8}.Debug|Any CPU.ActiveCfg = Debug|Any CPU
		{85266A5C-14A7-43A6-A8AE-FFD3CF1627B8}.Debug|Any CPU.Build.0 = Debug|Any CPU
		{85266A5C-14A7-43A6-A8AE-FFD3CF1627B8}.Release|Any CPU.ActiveCfg = Release|Any CPU
		{85266A5C-14A7-43A6-A8AE-FFD3CF1627B8}.Release|Any CPU.Build.0 = Release|Any CPU
	EndGlobalSection
	GlobalSection(SolutionProperties) = preSolution
		HideSolutionNode = FALSE
	EndGlobalSection
	GlobalSection(NestedProjects) = preSolution
		{49A713DD-58D2-4169-8785-CA7401853820} = {A1B7CBAF-059A-4FB0-AEC1-997D9EE9B6E9}
		{D2E381F8-BFC1-4726-9D9A-4F87C985A825} = {8F6D715E-741C-419A-98FE-98E4045ADB55}
		{49F103E6-60B4-49E1-B99F-478D49E3EC7B} = {8F6D715E-741C-419A-98FE-98E4045ADB55}
		{BE0DB786-176D-4DC2-80AC-52820198CB9B} = {85E6CC8C-5058-45B3-94D3-1B5F75A48E2B}
		{1D708424-54F1-4B67-8B34-F0AB4B6818CB} = {F8FBFCE3-CAB1-4BBB-9E5E-CEB51506FC14}
		{706A4FDA-B106-4B8E-BB34-00DFF29A4C1C} = {4AF6A952-AC76-4F7E-98C0-9CFD7B6E3296}
		{7E4234CB-CA84-41BC-A950-56AB335713F4} = {D2E381F8-BFC1-4726-9D9A-4F87C985A825}
		{D26814B9-B988-422B-806C-CE2BF3B6F595} = {49F103E6-60B4-49E1-B99F-478D49E3EC7B}
	EndGlobalSection
EndGlobal
